
Microsoft Visual Studio Solution File, Format Version 12.00
# Visual Studio Version 16
VisualStudioVersion = 16.0.29409.12
MinimumVisualStudioVersion = 10.0.40219.1
Project("{FAE04EC0-301F-11D3-BF4B-00C04F79EFBC}") = "Assessments.Testlet.Tests", "Assessments.Testlet.Tests\Assessments.Testlet.Tests.csproj", "{665304F9-D9FD-415D-8622-BB61DD484EF1}"
EndProject
Project("{FAE04EC0-301F-11D3-BF4B-00C04F79EFBC}") = "Assessments.Testlet", "Assessments.Testlet\Assessments.Testlet.csproj", "{6877B402-E9E3-40C5-A351-A4132F135065}"
EndProject
Global
	GlobalSection(SolutionConfigurationPlatforms) = preSolution
		Debug|Any CPU = Debug|Any CPU
		Release|Any CPU = Release|Any CPU
	EndGlobalSection
	GlobalSection(ProjectConfigurationPlatforms) = postSolution
		{665304F9-D9FD-415D-8622-BB61DD484EF1}.Debug|Any CPU.ActiveCfg = Debug|Any CPU
		{665304F9-D9FD-415D-8622-BB61DD484EF1}.Debug|Any CPU.Build.0 = Debug|Any CPU
		{665304F9-D9FD-415D-8622-BB61DD484EF1}.Release|Any CPU.ActiveCfg = Release|Any CPU
		{665304F9-D9FD-415D-8622-BB61DD484EF1}.Release|Any CPU.Build.0 = Release|Any CPU
		{6877B402-E9E3-40C5-A351-A4132F135065}.Debug|Any CPU.ActiveCfg = Debug|Any CPU
		{6877B402-E9E3-40C5-A351-A4132F135065}.Debug|Any CPU.Build.0 = Debug|Any CPU
		{6877B402-E9E3-40C5-A351-A4132F135065}.Release|Any CPU.ActiveCfg = Release|Any CPU
		{6877B402-E9E3-40C5-A351-A4132F135065}.Release|Any CPU.Build.0 = Release|Any CPU
	EndGlobalSection
	GlobalSection(SolutionProperties) = preSolution
		HideSolutionNode = FALSE
	EndGlobalSection
	GlobalSection(ExtensibilityGlobals) = postSolution
		SolutionGuid = {6F7F7276-6ED4-4167-99E4-4A4FAE1EE0C5}
	EndGlobalSection
EndGlobal
